
Microsoft Visual Studio Solution File, Format Version 12.00
# Visual Studio Version 16
VisualStudioVersion = 16.0.30621.155
MinimumVisualStudioVersion = 10.0.40219.1
Project("{9A19103F-16F7-4668-BE54-9A1E7A4F7556}") = "AirShare", "AirShare/AirShare.csproj", "{7A5956B7-A51D-400B-80BB-35F234D95E0B}"
EndProject
Project("{9A19103F-16F7-4668-BE54-9A1E7A4F7556}") = "Tests", "Tests/Tests.csproj", "{CBAE1C75-39F1-4304-9E40-3D540EC6D005}"
EndProject
Global
	GlobalSection(SolutionConfigurationPlatforms) = preSolution
		Debug|Any CPU = Debug|Any CPU
		Release|Any CPU = Release|Any CPU
	EndGlobalSection
	GlobalSection(ProjectConfigurationPlatforms) = postSolution
		{7A5956B7-A51D-400B-80BB-35F234D95E0B}.Debug|Any CPU.ActiveCfg = Debug|Any CPU
		{7A5956B7-A51D-400B-80BB-35F234D95E0B}.Debug|Any CPU.Build.0 = Debug|Any CPU
		{7A5956B7-A51D-400B-80BB-35F234D95E0B}.Release|Any CPU.ActiveCfg = Release|Any CPU
		{7A5956B7-A51D-400B-80BB-35F234D95E0B}.Release|Any CPU.Build.0 = Release|Any CPU
		{CBAE1C75-39F1-4304-9E40-3D540EC6D005}.Debug|Any CPU.ActiveCfg = Debug|Any CPU
		{CBAE1C75-39F1-4304-9E40-3D540EC6D005}.Debug|Any CPU.Build.0 = Debug|Any CPU
		{CBAE1C75-39F1-4304-9E40-3D540EC6D005}.Release|Any CPU.ActiveCfg = Release|Any CPU
		{CBAE1C75-39F1-4304-9E40-3D540EC6D005}.Release|Any CPU.Build.0 = Release|Any CPU
	EndGlobalSection
	GlobalSection(SolutionProperties) = preSolution
		HideSolutionNode = FALSE
	EndGlobalSection
	GlobalSection(ExtensibilityGlobals) = postSolution
		SolutionGuid = {35010445-DF46-4FDA-89CB-F9BA9F4D7EAA}
	EndGlobalSection
EndGlobal
